// !$*UTF8*$!
{
	archiveVersion = 1;
	classes = {
	};
	objectVersion = 50;
	objects = {

/* Begin PBXBuildFile section */
		34AF6DCF23B1A20C00CAD878 /* gmm.c in Sources */ = {isa = PBXBuildFile; fileRef = 34AF6DAC23B1A20C00CAD878 /* gmm.c */; };
		34AF6DD023B1A20C00CAD878 /* pid.c in Sources */ = {isa = PBXBuildFile; fileRef = 34AF6DAF23B1A20C00CAD878 /* pid.c */; };
		34AF6DD123B1A20C00CAD878 /* kalman.c in Sources */ = {isa = PBXBuildFile; fileRef = 34AF6DB323B1A20C00CAD878 /* kalman.c */; };
		34AF6DD223B1A20C00CAD878 /* matvec.c in Sources */ = {isa = PBXBuildFile; fileRef = 34AF6DBD23B1A20C00CAD878 /* matvec.c */; };
		34AF6DD323B1A20C00CAD878 /* statistics.c in Sources */ = {isa = PBXBuildFile; fileRef = 34AF6DBE23B1A20C00CAD878 /* statistics.c */; };
		34AF6DD423B1A20C00CAD878 /* timestamp.c in Sources */ = {isa = PBXBuildFile; fileRef = 34AF6DC523B1A20C00CAD878 /* timestamp.c */; };
		34AF6DD523B1A20C00CAD878 /* psm.c in Sources */ = {isa = PBXBuildFile; fileRef = 34AF6DC923B1A20C00CAD878 /* psm.c */; };
		34AF6DD623B1A20C00CAD878 /* fsm.c in Sources */ = {isa = PBXBuildFile; fileRef = 34AF6DCB23B1A20C00CAD878 /* fsm.c */; };
		34AF6DD723B1A20C00CAD878 /* main.cpp in Sources */ = {isa = PBXBuildFile; fileRef = 34AF6DCC23B1A20C00CAD878 /* main.cpp */; };
		34AF6DD823B1A20C00CAD878 /* hmm.c in Sources */ = {isa = PBXBuildFile; fileRef = 34AF6DCD23B1A20C00CAD878 /* hmm.c */; };
		34AF6DD923B1A20C00CAD878 /* hmm_.c in Sources */ = {isa = PBXBuildFile; fileRef = 34AF6DCE23B1A20C00CAD878 /* hmm_.c */; };
/* End PBXBuildFile section */

/* Begin PBXCopyFilesBuildPhase section */
		34F91E752210EDBB00F8CBBE /* CopyFiles */ = {
			isa = PBXCopyFilesBuildPhase;
			buildActionMask = 2147483647;
			dstPath = /usr/share/man/man1/;
			dstSubfolderSpec = 0;
			files = (
			);
			runOnlyForDeploymentPostprocessing = 1;
		};
/* End PBXCopyFilesBuildPhase section */

/* Begin PBXFileReference section */
		34AF6DAC23B1A20C00CAD878 /* gmm.c */ = {isa = PBXFileReference; fileEncoding = 4; lastKnownFileType = sourcecode.c.c; path = gmm.c; sourceTree = "<group>"; };
		34AF6DAE23B1A20C00CAD878 /* rho_types.h */ = {isa = PBXFileReference; fileEncoding = 4; lastKnownFileType = sourcecode.c.h; path = rho_types.h; sourceTree = "<group>"; };
		34AF6DAF23B1A20C00CAD878 /* pid.c */ = {isa = PBXFileReference; fileEncoding = 4; lastKnownFileType = sourcecode.c.c; path = pid.c; sourceTree = "<group>"; };
		34AF6DB023B1A20C00CAD878 /* kalman.h */ = {isa = PBXFileReference; fileEncoding = 4; lastKnownFileType = sourcecode.c.h; path = kalman.h; sourceTree = "<group>"; };
		34AF6DB123B1A20C00CAD878 /* rho_spoof.h */ = {isa = PBXFileReference; fileEncoding = 4; lastKnownFileType = sourcecode.c.h; path = rho_spoof.h; sourceTree = "<group>"; };
		34AF6DB223B1A20C00CAD878 /* pid.h */ = {isa = PBXFileReference; fileEncoding = 4; lastKnownFileType = sourcecode.c.h; path = pid.h; sourceTree = "<group>"; };
		34AF6DB323B1A20C00CAD878 /* kalman.c */ = {isa = PBXFileReference; fileEncoding = 4; lastKnownFileType = sourcecode.c.c; path = kalman.c; sourceTree = "<group>"; };
		34AF6DB423B1A20C00CAD878 /* rho_config.h */ = {isa = PBXFileReference; fileEncoding = 4; lastKnownFileType = sourcecode.c.h; path = rho_config.h; sourceTree = "<group>"; };
		34AF6DB523B1A20C00CAD878 /* control_types.h */ = {isa = PBXFileReference; fileEncoding = 4; lastKnownFileType = sourcecode.c.h; path = control_types.h; sourceTree = "<group>"; };
		34AF6DB623B1A20C00CAD878 /* data_set_1.h */ = {isa = PBXFileReference; fileEncoding = 4; lastKnownFileType = sourcecode.c.h; path = data_set_1.h; sourceTree = "<group>"; };
		34AF6DB723B1A20C00CAD878 /* data.h */ = {isa = PBXFileReference; fileEncoding = 4; lastKnownFileType = sourcecode.c.h; path = data.h; sourceTree = "<group>"; };
		34AF6DB823B1A20C00CAD878 /* fsm.h */ = {isa = PBXFileReference; fileEncoding = 4; lastKnownFileType = sourcecode.c.h; path = fsm.h; sourceTree = "<group>"; };
		34AF6DB923B1A20C00CAD878 /* psm.h */ = {isa = PBXFileReference; fileEncoding = 4; lastKnownFileType = sourcecode.c.h; path = psm.h; sourceTree = "<group>"; };
		34AF6DBA23B1A20C00CAD878 /* rho_global.h */ = {isa = PBXFileReference; fileEncoding = 4; lastKnownFileType = sourcecode.c.h; path = rho_global.h; sourceTree = "<group>"; };
		34AF6DBB23B1A20C00CAD878 /* hmm_.h */ = {isa = PBXFileReference; fileEncoding = 4; lastKnownFileType = sourcecode.c.h; path = hmm_.h; sourceTree = "<group>"; };
		34AF6DBD23B1A20C00CAD878 /* matvec.c */ = {isa = PBXFileReference; fileEncoding = 4; lastKnownFileType = sourcecode.c.c; path = matvec.c; sourceTree = "<group>"; };
		34AF6DBE23B1A20C00CAD878 /* statistics.c */ = {isa = PBXFileReference; fileEncoding = 4; lastKnownFileType = sourcecode.c.c; path = statistics.c; sourceTree = "<group>"; };
		34AF6DBF23B1A20C00CAD878 /* statistics.h */ = {isa = PBXFileReference; fileEncoding = 4; lastKnownFileType = sourcecode.c.h; path = statistics.h; sourceTree = "<group>"; };
		34AF6DC023B1A20C00CAD878 /* matvec.h */ = {isa = PBXFileReference; fileEncoding = 4; lastKnownFileType = sourcecode.c.h; path = matvec.h; sourceTree = "<group>"; };
		34AF6DC123B1A20C00CAD878 /* hmm.h */ = {isa = PBXFileReference; fileEncoding = 4; lastKnownFileType = sourcecode.c.h; path = hmm.h; sourceTree = "<group>"; };
		34AF6DC223B1A20C00CAD878 /* hmm_test.h */ = {isa = PBXFileReference; fileEncoding = 4; lastKnownFileType = sourcecode.c.h; path = hmm_test.h; sourceTree = "<group>"; };
		34AF6DC323B1A20C00CAD878 /* data_set_2.h */ = {isa = PBXFileReference; fileEncoding = 4; lastKnownFileType = sourcecode.c.h; path = data_set_2.h; sourceTree = "<group>"; };
		34AF6DC523B1A20C00CAD878 /* timestamp.c */ = {isa = PBXFileReference; fileEncoding = 4; lastKnownFileType = sourcecode.c.c; path = timestamp.c; sourceTree = "<group>"; };
		34AF6DC623B1A20C00CAD878 /* timestamp.h */ = {isa = PBXFileReference; fileEncoding = 4; lastKnownFileType = sourcecode.c.h; path = timestamp.h; sourceTree = "<group>"; };
		34AF6DC723B1A20C00CAD878 /* gmm.h */ = {isa = PBXFileReference; fileEncoding = 4; lastKnownFileType = sourcecode.c.h; path = gmm.h; sourceTree = "<group>"; };
		34AF6DC823B1A20C00CAD878 /* kumaraswamy.h */ = {isa = PBXFileReference; fileEncoding = 4; lastKnownFileType = sourcecode.c.h; path = kumaraswamy.h; sourceTree = "<group>"; };
		34AF6DC923B1A20C00CAD878 /* psm.c */ = {isa = PBXFileReference; fileEncoding = 4; lastKnownFileType = sourcecode.c.c; path = psm.c; sourceTree = "<group>"; };
		34AF6DCA23B1A20C00CAD878 /* control_structures.h */ = {isa = PBXFileReference; fileEncoding = 4; lastKnownFileType = sourcecode.c.h; path = control_structures.h; sourceTree = "<group>"; };
		34AF6DCB23B1A20C00CAD878 /* fsm.c */ = {isa = PBXFileReference; fileEncoding = 4; lastKnownFileType = sourcecode.c.c; path = fsm.c; sourceTree = "<group>"; };
		34AF6DCC23B1A20C00CAD878 /* main.cpp */ = {isa = PBXFileReference; fileEncoding = 4; lastKnownFileType = sourcecode.cpp.cpp; path = main.cpp; sourceTree = "<group>"; };
		34AF6DCD23B1A20C00CAD878 /* hmm.c */ = {isa = PBXFileReference; fileEncoding = 4; lastKnownFileType = sourcecode.c.c; path = hmm.c; sourceTree = "<group>"; };
		34AF6DCE23B1A20C00CAD878 /* hmm_.c */ = {isa = PBXFileReference; fileEncoding = 4; lastKnownFileType = sourcecode.c.c; path = hmm_.c; sourceTree = "<group>"; };
		34F91E772210EDBB00F8CBBE /* hmmtest */ = {isa = PBXFileReference; explicitFileType = "compiled.mach-o.executable"; includeInIndex = 0; path = hmmtest; sourceTree = BUILT_PRODUCTS_DIR; };
/* End PBXFileReference section */

/* Begin PBXFrameworksBuildPhase section */
		34F91E742210EDBB00F8CBBE /* Frameworks */ = {
			isa = PBXFrameworksBuildPhase;
			buildActionMask = 2147483647;
			files = (
			);
			runOnlyForDeploymentPostprocessing = 0;
		};
/* End PBXFrameworksBuildPhase section */

/* Begin PBXGroup section */
		34AF6DAB23B1A20C00CAD878 /* hmmtest */ = {
			isa = PBXGroup;
			children = (
				34AF6DAC23B1A20C00CAD878 /* gmm.c */,
				34AF6DAD23B1A20C00CAD878 /* types */,
				34AF6DB423B1A20C00CAD878 /* rho_config.h */,
				34AF6DB523B1A20C00CAD878 /* control_types.h */,
				34AF6DB623B1A20C00CAD878 /* data_set_1.h */,
				34AF6DB723B1A20C00CAD878 /* data.h */,
				34AF6DB823B1A20C00CAD878 /* fsm.h */,
				34AF6DB923B1A20C00CAD878 /* psm.h */,
				34AF6DBA23B1A20C00CAD878 /* rho_global.h */,
				34AF6DBB23B1A20C00CAD878 /* hmm_.h */,
				34AF6DBC23B1A20C00CAD878 /* algorithm */,
				34AF6DC123B1A20C00CAD878 /* hmm.h */,
				34AF6DC223B1A20C00CAD878 /* hmm_test.h */,
				34AF6DC323B1A20C00CAD878 /* data_set_2.h */,
				34AF6DC423B1A20C00CAD878 /* time */,
				34AF6DC723B1A20C00CAD878 /* gmm.h */,
				34AF6DC823B1A20C00CAD878 /* kumaraswamy.h */,
				34AF6DC923B1A20C00CAD878 /* psm.c */,
				34AF6DCA23B1A20C00CAD878 /* control_structures.h */,
				34AF6DCB23B1A20C00CAD878 /* fsm.c */,
				34AF6DCC23B1A20C00CAD878 /* main.cpp */,
				34AF6DCD23B1A20C00CAD878 /* hmm.c */,
				34AF6DCE23B1A20C00CAD878 /* hmm_.c */,
			);
			path = hmmtest;
			sourceTree = "<group>";
		};
		34AF6DAD23B1A20C00CAD878 /* types */ = {
			isa = PBXGroup;
			children = (
				34AF6DAE23B1A20C00CAD878 /* rho_types.h */,
				34AF6DAF23B1A20C00CAD878 /* pid.c */,
				34AF6DB023B1A20C00CAD878 /* kalman.h */,
				34AF6DB123B1A20C00CAD878 /* rho_spoof.h */,
				34AF6DB223B1A20C00CAD878 /* pid.h */,
				34AF6DB323B1A20C00CAD878 /* kalman.c */,
			);
			path = types;
			sourceTree = "<group>";
		};
		34AF6DBC23B1A20C00CAD878 /* algorithm */ = {
			isa = PBXGroup;
			children = (
				34AF6DBD23B1A20C00CAD878 /* matvec.c */,
				34AF6DBE23B1A20C00CAD878 /* statistics.c */,
				34AF6DBF23B1A20C00CAD878 /* statistics.h */,
				34AF6DC023B1A20C00CAD878 /* matvec.h */,
			);
			path = algorithm;
			sourceTree = "<group>";
		};
		34AF6DC423B1A20C00CAD878 /* time */ = {
			isa = PBXGroup;
			children = (
				34AF6DC523B1A20C00CAD878 /* timestamp.c */,
				34AF6DC623B1A20C00CAD878 /* timestamp.h */,
			);
			path = time;
			sourceTree = "<group>";
		};
		34F91E6E2210EDBB00F8CBBE = {
			isa = PBXGroup;
			children = (
				34AF6DAB23B1A20C00CAD878 /* hmmtest */,
				34F91E782210EDBB00F8CBBE /* Products */,
			);
			sourceTree = "<group>";
		};
		34F91E782210EDBB00F8CBBE /* Products */ = {
			isa = PBXGroup;
			children = (
				34F91E772210EDBB00F8CBBE /* hmmtest */,
			);
			name = Products;
			sourceTree = "<group>";
		};
/* End PBXGroup section */

/* Begin PBXNativeTarget section */
		34F91E762210EDBB00F8CBBE /* hmmtest */ = {
			isa = PBXNativeTarget;
			buildConfigurationList = 34F91E7E2210EDBB00F8CBBE /* Build configuration list for PBXNativeTarget "hmmtest" */;
			buildPhases = (
				34F91E732210EDBB00F8CBBE /* Sources */,
				34F91E742210EDBB00F8CBBE /* Frameworks */,
				34F91E752210EDBB00F8CBBE /* CopyFiles */,
			);
			buildRules = (
			);
			dependencies = (
			);
			name = hmmtest;
			productName = hmmtest;
			productReference = 34F91E772210EDBB00F8CBBE /* hmmtest */;
			productType = "com.apple.product-type.tool";
		};
/* End PBXNativeTarget section */

/* Begin PBXProject section */
		34F91E6F2210EDBB00F8CBBE /* Project object */ = {
			isa = PBXProject;
			attributes = {
				LastUpgradeCheck = 1010;
				ORGANIZATIONNAME = "Matthew Fonken";
				TargetAttributes = {
					34F91E762210EDBB00F8CBBE = {
						CreatedOnToolsVersion = 10.1;
					};
				};
			};
			buildConfigurationList = 34F91E722210EDBB00F8CBBE /* Build configuration list for PBXProject "hmmtest" */;
			compatibilityVersion = "Xcode 9.3";
			developmentRegion = en;
			hasScannedForEncodings = 0;
			knownRegions = (
				en,
			);
			mainGroup = 34F91E6E2210EDBB00F8CBBE;
			productRefGroup = 34F91E782210EDBB00F8CBBE /* Products */;
			projectDirPath = "";
			projectRoot = "";
			targets = (
				34F91E762210EDBB00F8CBBE /* hmmtest */,
			);
		};
/* End PBXProject section */

/* Begin PBXSourcesBuildPhase section */
		34F91E732210EDBB00F8CBBE /* Sources */ = {
			isa = PBXSourcesBuildPhase;
			buildActionMask = 2147483647;
			files = (
				34AF6DD423B1A20C00CAD878 /* timestamp.c in Sources */,
				34AF6DCF23B1A20C00CAD878 /* gmm.c in Sources */,
				34AF6DD723B1A20C00CAD878 /* main.cpp in Sources */,
				34AF6DD323B1A20C00CAD878 /* statistics.c in Sources */,
				34AF6DD823B1A20C00CAD878 /* hmm.c in Sources */,
				34AF6DD923B1A20C00CAD878 /* hmm_.c in Sources */,
				34AF6DD223B1A20C00CAD878 /* matvec.c in Sources */,
				34AF6DD623B1A20C00CAD878 /* fsm.c in Sources */,
				34AF6DD523B1A20C00CAD878 /* psm.c in Sources */,
				34AF6DD123B1A20C00CAD878 /* kalman.c in Sources */,
				34AF6DD023B1A20C00CAD878 /* pid.c in Sources */,
			);
			runOnlyForDeploymentPostprocessing = 0;
		};
/* End PBXSourcesBuildPhase section */

/* Begin XCBuildConfiguration section */
		34F91E7C2210EDBB00F8CBBE /* Debug */ = {
			isa = XCBuildConfiguration;
			buildSettings = {
				ALWAYS_SEARCH_USER_PATHS = NO;
				CLANG_ANALYZER_NONNULL = YES;
				CLANG_ANALYZER_NUMBER_OBJECT_CONVERSION = YES_AGGRESSIVE;
				CLANG_CXX_LANGUAGE_STANDARD = "gnu++14";
				CLANG_CXX_LIBRARY = "libc++";
				CLANG_ENABLE_MODULES = YES;
				CLANG_ENABLE_OBJC_ARC = YES;
				CLANG_ENABLE_OBJC_WEAK = YES;
				CLANG_WARN_BLOCK_CAPTURE_AUTORELEASING = YES;
				CLANG_WARN_BOOL_CONVERSION = YES;
				CLANG_WARN_COMMA = YES;
				CLANG_WARN_CONSTANT_CONVERSION = YES;
				CLANG_WARN_DEPRECATED_OBJC_IMPLEMENTATIONS = YES;
				CLANG_WARN_DIRECT_OBJC_ISA_USAGE = YES_ERROR;
				CLANG_WARN_DOCUMENTATION_COMMENTS = YES;
				CLANG_WARN_EMPTY_BODY = YES;
				CLANG_WARN_ENUM_CONVERSION = YES;
				CLANG_WARN_INFINITE_RECURSION = YES;
				CLANG_WARN_INT_CONVERSION = YES;
				CLANG_WARN_NON_LITERAL_NULL_CONVERSION = YES;
				CLANG_WARN_OBJC_IMPLICIT_RETAIN_SELF = YES;
				CLANG_WARN_OBJC_LITERAL_CONVERSION = YES;
				CLANG_WARN_OBJC_ROOT_CLASS = YES_ERROR;
				CLANG_WARN_RANGE_LOOP_ANALYSIS = YES;
				CLANG_WARN_STRICT_PROTOTYPES = YES;
				CLANG_WARN_SUSPICIOUS_MOVE = YES;
				CLANG_WARN_UNGUARDED_AVAILABILITY = YES_AGGRESSIVE;
				CLANG_WARN_UNREACHABLE_CODE = YES;
				CLANG_WARN__DUPLICATE_METHOD_MATCH = YES;
				CODE_SIGN_IDENTITY = "-";
				COPY_PHASE_STRIP = NO;
				DEBUG_INFORMATION_FORMAT = dwarf;
				ENABLE_STRICT_OBJC_MSGSEND = YES;
				ENABLE_TESTABILITY = YES;
				GCC_C_LANGUAGE_STANDARD = gnu11;
				GCC_DYNAMIC_NO_PIC = NO;
				GCC_NO_COMMON_BLOCKS = YES;
				GCC_OPTIMIZATION_LEVEL = 0;
				GCC_PREPROCESSOR_DEFINITIONS = (
					"DEBUG=1",
					"$(inherited)",
				);
				GCC_WARN_64_TO_32_BIT_CONVERSION = YES;
				GCC_WARN_ABOUT_RETURN_TYPE = YES_ERROR;
				GCC_WARN_UNDECLARED_SELECTOR = YES;
				GCC_WARN_UNINITIALIZED_AUTOS = YES_AGGRESSIVE;
				GCC_WARN_UNUSED_FUNCTION = YES;
				GCC_WARN_UNUSED_VARIABLE = YES;
				MACOSX_DEPLOYMENT_TARGET = 10.14;
				MTL_ENABLE_DEBUG_INFO = INCLUDE_SOURCE;
				MTL_FAST_MATH = YES;
				ONLY_ACTIVE_ARCH = YES;
				SDKROOT = macosx;
			};
			name = Debug;
		};
		34F91E7D2210EDBB00F8CBBE /* Release */ = {
			isa = XCBuildConfiguration;
			buildSettings = {
				ALWAYS_SEARCH_USER_PATHS = NO;
				CLANG_ANALYZER_NONNULL = YES;
				CLANG_ANALYZER_NUMBER_OBJECT_CONVERSION = YES_AGGRESSIVE;
				CLANG_CXX_LANGUAGE_STANDARD = "gnu++14";
				CLANG_CXX_LIBRARY = "libc++";
				CLANG_ENABLE_MODULES = YES;
				CLANG_ENABLE_OBJC_ARC = YES;
				CLANG_ENABLE_OBJC_WEAK = YES;
				CLANG_WARN_BLOCK_CAPTURE_AUTORELEASING = YES;
				CLANG_WARN_BOOL_CONVERSION = YES;
				CLANG_WARN_COMMA = YES;
				CLANG_WARN_CONSTANT_CONVERSION = YES;
				CLANG_WARN_DEPRECATED_OBJC_IMPLEMENTATIONS = YES;
				CLANG_WARN_DIRECT_OBJC_ISA_USAGE = YES_ERROR;
				CLANG_WARN_DOCUMENTATION_COMMENTS = YES;
				CLANG_WARN_EMPTY_BODY = YES;
				CLANG_WARN_ENUM_CONVERSION = YES;
				CLANG_WARN_INFINITE_RECURSION = YES;
				CLANG_WARN_INT_CONVERSION = YES;
				CLANG_WARN_NON_LITERAL_NULL_CONVERSION = YES;
				CLANG_WARN_OBJC_IMPLICIT_RETAIN_SELF = YES;
				CLANG_WARN_OBJC_LITERAL_CONVERSION = YES;
				CLANG_WARN_OBJC_ROOT_CLASS = YES_ERROR;
				CLANG_WARN_RANGE_LOOP_ANALYSIS = YES;
				CLANG_WARN_STRICT_PROTOTYPES = YES;
				CLANG_WARN_SUSPICIOUS_MOVE = YES;
				CLANG_WARN_UNGUARDED_AVAILABILITY = YES_AGGRESSIVE;
				CLANG_WARN_UNREACHABLE_CODE = YES;
				CLANG_WARN__DUPLICATE_METHOD_MATCH = YES;
				CODE_SIGN_IDENTITY = "-";
				COPY_PHASE_STRIP = NO;
				DEBUG_INFORMATION_FORMAT = "dwarf-with-dsym";
				ENABLE_NS_ASSERTIONS = NO;
				ENABLE_STRICT_OBJC_MSGSEND = YES;
				GCC_C_LANGUAGE_STANDARD = gnu11;
				GCC_NO_COMMON_BLOCKS = YES;
				GCC_WARN_64_TO_32_BIT_CONVERSION = YES;
				GCC_WARN_ABOUT_RETURN_TYPE = YES_ERROR;
				GCC_WARN_UNDECLARED_SELECTOR = YES;
				GCC_WARN_UNINITIALIZED_AUTOS = YES_AGGRESSIVE;
				GCC_WARN_UNUSED_FUNCTION = YES;
				GCC_WARN_UNUSED_VARIABLE = YES;
				MACOSX_DEPLOYMENT_TARGET = 10.14;
				MTL_ENABLE_DEBUG_INFO = NO;
				MTL_FAST_MATH = YES;
				SDKROOT = macosx;
			};
			name = Release;
		};
		34F91E7F2210EDBB00F8CBBE /* Debug */ = {
			isa = XCBuildConfiguration;
			buildSettings = {
				CODE_SIGN_STYLE = Automatic;
				GCC_PREPROCESSOR_DEFINITIONS = (
					"DEBUG=1",
					"$(inherited)",
					__PSM__,
					SPOOF,
					DATA_SET_2,
				);
				HEADER_SEARCH_PATHS = (
					"/usr/local/Cellar/opencv/**",
					/usr/local/include/eigen3/,
				);
				LIBRARY_SEARCH_PATHS = "/usr/local/Cellar/opencv/**";
				OTHER_LDFLAGS = (
					"-I/usr/local/Cellar/opencv/4.0.1/include/opencv4/opencv2",
					"-I/usr/local/Cellar/opencv/4.0.1/include",
					"-L/usr/local/Cellar/opencv/4.0.1/lib",
					"-lopencv_stitching",
					"-lopencv_superres",
					"-lopencv_videostab",
					"-lopencv_photo",
					"-lopencv_aruco",
					"-lopencv_bgsegm",
					"-lopencv_bioinspired",
					"-lopencv_ccalib",
					"-lopencv_dpm",
					"-lopencv_face",
					"-lopencv_fuzzy",
					"-lopencv_img_hash",
					"-lopencv_line_descriptor",
					"-lopencv_optflow",
					"-lopencv_reg",
					"-lopencv_rgbd",
					"-lopencv_saliency",
					"-lopencv_stereo",
					"-lopencv_structured_light",
					"-lopencv_phase_unwrapping",
					"-lopencv_surface_matching",
					"-lopencv_tracking",
					"-lopencv_datasets",
					"-lopencv_dnn",
					"-lopencv_plot",
					"-lopencv_ml",
					"-lopencv_xfeatures2d",
					"-lopencv_shape",
					"-lopencv_video",
					"-lopencv_ximgproc",
					"-lopencv_calib3d",
					"-lopencv_features2d",
					"-lopencv_highgui",
					"-lopencv_videoio",
					"-lopencv_flann",
					"-lopencv_xobjdetect",
					"-lopencv_imgcodecs",
					"-lopencv_objdetect",
					"-lopencv_xphoto",
					"-lopencv_imgproc",
					"-lopencv_core",
				);
				PRODUCT_NAME = "$(TARGET_NAME)";
			};
			name = Debug;
		};
		34F91E802210EDBB00F8CBBE /* Release */ = {
			isa = XCBuildConfiguration;
			buildSettings = {
				CODE_SIGN_STYLE = Automatic;
				HEADER_SEARCH_PATHS = (
					"/usr/local/Cellar/opencv/**",
					/usr/local/include/eigen3/,
				);
				LIBRARY_SEARCH_PATHS = "/usr/local/Cellar/opencv/**";
				OTHER_LDFLAGS = (
					"-I/usr/local/Cellar/opencv/4.0.1/include/opencv4/opencv2",
					"-I/usr/local/Cellar/opencv/4.0.1/include",
					"-L/usr/local/Cellar/opencv/4.0.1/lib",
					"-lopencv_stitching",
					"-lopencv_superres",
					"-lopencv_videostab",
					"-lopencv_photo",
					"-lopencv_aruco",
					"-lopencv_bgsegm",
					"-lopencv_bioinspired",
					"-lopencv_ccalib",
					"-lopencv_dpm",
					"-lopencv_face",
					"-lopencv_fuzzy",
					"-lopencv_img_hash",
					"-lopencv_line_descriptor",
					"-lopencv_optflow",
					"-lopencv_reg",
					"-lopencv_rgbd",
					"-lopencv_saliency",
					"-lopencv_stereo",
					"-lopencv_structured_light",
					"-lopencv_phase_unwrapping",
					"-lopencv_surface_matching",
					"-lopencv_tracking",
					"-lopencv_datasets",
					"-lopencv_dnn",
					"-lopencv_plot",
					"-lopencv_ml",
					"-lopencv_xfeatures2d",
					"-lopencv_shape",
					"-lopencv_video",
					"-lopencv_ximgproc",
					"-lopencv_calib3d",
					"-lopencv_features2d",
					"-lopencv_highgui",
					"-lopencv_videoio",
					"-lopencv_flann",
					"-lopencv_xobjdetect",
					"-lopencv_imgcodecs",
					"-lopencv_objdetect",
					"-lopencv_xphoto",
					"-lopencv_imgproc",
					"-lopencv_core",
				);
				PRODUCT_NAME = "$(TARGET_NAME)";
			};
			name = Release;
		};
/* End XCBuildConfiguration section */

/* Begin XCConfigurationList section */
		34F91E722210EDBB00F8CBBE /* Build configuration list for PBXProject "hmmtest" */ = {
			isa = XCConfigurationList;
			buildConfigurations = (
				34F91E7C2210EDBB00F8CBBE /* Debug */,
				34F91E7D2210EDBB00F8CBBE /* Release */,
			);
			defaultConfigurationIsVisible = 0;
			defaultConfigurationName = Release;
		};
		34F91E7E2210EDBB00F8CBBE /* Build configuration list for PBXNativeTarget "hmmtest" */ = {
			isa = XCConfigurationList;
			buildConfigurations = (
				34F91E7F2210EDBB00F8CBBE /* Debug */,
				34F91E802210EDBB00F8CBBE /* Release */,
			);
			defaultConfigurationIsVisible = 0;
			defaultConfigurationName = Release;
		};
/* End XCConfigurationList section */
	};
	rootObject = 34F91E6F2210EDBB00F8CBBE /* Project object */;
}
