// !$*UTF8*$!
{
	archiveVersion = 1;
	classes = {
	};
	objectVersion = 46;
	objects = {

/* Begin PBXBuildFile section */
		49E249171F96D0F50004C67A /* main.cpp in Sources */ = {isa = PBXBuildFile; fileRef = 49E249161F96D0F50004C67A /* main.cpp */; };
		49E2491F1F96D1780004C67A /* statem.c in Sources */ = {isa = PBXBuildFile; fileRef = 49E2491D1F96D1780004C67A /* statem.c */; };
/* End PBXBuildFile section */

/* Begin PBXCopyFilesBuildPhase section */
		49E249111F96D0F50004C67A /* CopyFiles */ = {
			isa = PBXCopyFilesBuildPhase;
			buildActionMask = 2147483647;
			dstPath = /usr/share/man/man1/;
			dstSubfolderSpec = 0;
			files = (
			);
			runOnlyForDeploymentPostprocessing = 1;
		};
/* End PBXCopyFilesBuildPhase section */

/* Begin PBXFileReference section */
		49E249131F96D0F50004C67A /* taustates */ = {isa = PBXFileReference; explicitFileType = "compiled.mach-o.executable"; includeInIndex = 0; path = taustates; sourceTree = BUILT_PRODUCTS_DIR; };
		49E249161F96D0F50004C67A /* main.cpp */ = {isa = PBXFileReference; lastKnownFileType = sourcecode.cpp.cpp; path = main.cpp; sourceTree = "<group>"; };
		49E2491D1F96D1780004C67A /* statem.c */ = {isa = PBXFileReference; fileEncoding = 4; lastKnownFileType = sourcecode.c.c; path = statem.c; sourceTree = "<group>"; };
		49E2491E1F96D1780004C67A /* statem.h */ = {isa = PBXFileReference; fileEncoding = 4; lastKnownFileType = sourcecode.c.h; path = statem.h; sourceTree = "<group>"; };
		49E249201F96D1940004C67A /* global_types.h */ = {isa = PBXFileReference; lastKnownFileType = sourcecode.c.h; path = global_types.h; sourceTree = "<group>"; };
/* End PBXFileReference section */

/* Begin PBXFrameworksBuildPhase section */
		49E249101F96D0F50004C67A /* Frameworks */ = {
			isa = PBXFrameworksBuildPhase;
			buildActionMask = 2147483647;
			files = (
			);
			runOnlyForDeploymentPostprocessing = 0;
		};
/* End PBXFrameworksBuildPhase section */

/* Begin PBXGroup section */
		49E2490A1F96D0F50004C67A = {
			isa = PBXGroup;
			children = (
				49E249151F96D0F50004C67A /* taustates */,
				49E249141F96D0F50004C67A /* Products */,
			);
			sourceTree = "<group>";
		};
		49E249141F96D0F50004C67A /* Products */ = {
			isa = PBXGroup;
			children = (
				49E249131F96D0F50004C67A /* taustates */,
			);
			name = Products;
			sourceTree = "<group>";
		};
		49E249151F96D0F50004C67A /* taustates */ = {
			isa = PBXGroup;
			children = (
				49E249161F96D0F50004C67A /* main.cpp */,
				49E2491D1F96D1780004C67A /* statem.c */,
				49E2491E1F96D1780004C67A /* statem.h */,
				49E249201F96D1940004C67A /* global_types.h */,
			);
			path = taustates;
			sourceTree = "<group>";
		};
/* End PBXGroup section */

/* Begin PBXNativeTarget section */
		49E249121F96D0F50004C67A /* taustates */ = {
			isa = PBXNativeTarget;
			buildConfigurationList = 49E2491A1F96D0F50004C67A /* Build configuration list for PBXNativeTarget "taustates" */;
			buildPhases = (
				49E2490F1F96D0F50004C67A /* Sources */,
				49E249101F96D0F50004C67A /* Frameworks */,
				49E249111F96D0F50004C67A /* CopyFiles */,
			);
			buildRules = (
			);
			dependencies = (
			);
			name = taustates;
			productName = taustates;
			productReference = 49E249131F96D0F50004C67A /* taustates */;
			productType = "com.apple.product-type.tool";
		};
/* End PBXNativeTarget section */

/* Begin PBXProject section */
		49E2490B1F96D0F50004C67A /* Project object */ = {
			isa = PBXProject;
			attributes = {
				LastUpgradeCheck = 0830;
				ORGANIZATIONNAME = Marbl;
				TargetAttributes = {
					49E249121F96D0F50004C67A = {
						CreatedOnToolsVersion = 8.3.3;
						DevelopmentTeam = RAUFW7M7KN;
						ProvisioningStyle = Automatic;
					};
				};
			};
			buildConfigurationList = 49E2490E1F96D0F50004C67A /* Build configuration list for PBXProject "taustates" */;
			compatibilityVersion = "Xcode 3.2";
			developmentRegion = English;
			hasScannedForEncodings = 0;
			knownRegions = (
				en,
			);
			mainGroup = 49E2490A1F96D0F50004C67A;
			productRefGroup = 49E249141F96D0F50004C67A /* Products */;
			projectDirPath = "";
			projectRoot = "";
			targets = (
				49E249121F96D0F50004C67A /* taustates */,
			);
		};
/* End PBXProject section */

/* Begin PBXSourcesBuildPhase section */
		49E2490F1F96D0F50004C67A /* Sources */ = {
			isa = PBXSourcesBuildPhase;
			buildActionMask = 2147483647;
			files = (
				49E249171F96D0F50004C67A /* main.cpp in Sources */,
				49E2491F1F96D1780004C67A /* statem.c in Sources */,
			);
			runOnlyForDeploymentPostprocessing = 0;
		};
/* End PBXSourcesBuildPhase section */

/* Begin XCBuildConfiguration section */
		49E249181F96D0F50004C67A /* Debug */ = {
			isa = XCBuildConfiguration;
			buildSettings = {
				ALWAYS_SEARCH_USER_PATHS = NO;
				CLANG_ANALYZER_NONNULL = YES;
				CLANG_ANALYZER_NUMBER_OBJECT_CONVERSION = YES_AGGRESSIVE;
				CLANG_CXX_LANGUAGE_STANDARD = "gnu++0x";
				CLANG_CXX_LIBRARY = "libc++";
				CLANG_ENABLE_MODULES = YES;
				CLANG_ENABLE_OBJC_ARC = YES;
				CLANG_WARN_BOOL_CONVERSION = YES;
				CLANG_WARN_CONSTANT_CONVERSION = YES;
				CLANG_WARN_DIRECT_OBJC_ISA_USAGE = YES_ERROR;
				CLANG_WARN_DOCUMENTATION_COMMENTS = YES;
				CLANG_WARN_EMPTY_BODY = YES;
				CLANG_WARN_ENUM_CONVERSION = YES;
				CLANG_WARN_INFINITE_RECURSION = YES;
				CLANG_WARN_INT_CONVERSION = YES;
				CLANG_WARN_OBJC_ROOT_CLASS = YES_ERROR;
				CLANG_WARN_SUSPICIOUS_MOVE = YES;
				CLANG_WARN_UNREACHABLE_CODE = YES;
				CLANG_WARN__DUPLICATE_METHOD_MATCH = YES;
				CODE_SIGN_IDENTITY = "-";
				COPY_PHASE_STRIP = NO;
				DEBUG_INFORMATION_FORMAT = dwarf;
				ENABLE_STRICT_OBJC_MSGSEND = YES;
				ENABLE_TESTABILITY = YES;
				GCC_C_LANGUAGE_STANDARD = gnu99;
				GCC_DYNAMIC_NO_PIC = NO;
				GCC_NO_COMMON_BLOCKS = YES;
				GCC_OPTIMIZATION_LEVEL = 0;
				GCC_PREPROCESSOR_DEFINITIONS = (
					"DEBUG=1",
					"$(inherited)",
				);
				GCC_WARN_64_TO_32_BIT_CONVERSION = YES;
				GCC_WARN_ABOUT_RETURN_TYPE = YES_ERROR;
				GCC_WARN_UNDECLARED_SELECTOR = YES;
				GCC_WARN_UNINITIALIZED_AUTOS = YES_AGGRESSIVE;
				GCC_WARN_UNUSED_FUNCTION = YES;
				GCC_WARN_UNUSED_VARIABLE = YES;
				MACOSX_DEPLOYMENT_TARGET = 10.12;
				MTL_ENABLE_DEBUG_INFO = YES;
				ONLY_ACTIVE_ARCH = YES;
				SDKROOT = macosx;
			};
			name = Debug;
		};
		49E249191F96D0F50004C67A /* Release */ = {
			isa = XCBuildConfiguration;
			buildSettings = {
				ALWAYS_SEARCH_USER_PATHS = NO;
				CLANG_ANALYZER_NONNULL = YES;
				CLANG_ANALYZER_NUMBER_OBJECT_CONVERSION = YES_AGGRESSIVE;
				CLANG_CXX_LANGUAGE_STANDARD = "gnu++0x";
				CLANG_CXX_LIBRARY = "libc++";
				CLANG_ENABLE_MODULES = YES;
				CLANG_ENABLE_OBJC_ARC = YES;
				CLANG_WARN_BOOL_CONVERSION = YES;
				CLANG_WARN_CONSTANT_CONVERSION = YES;
				CLANG_WARN_DIRECT_OBJC_ISA_USAGE = YES_ERROR;
				CLANG_WARN_DOCUMENTATION_COMMENTS = YES;
				CLANG_WARN_EMPTY_BODY = YES;
				CLANG_WARN_ENUM_CONVERSION = YES;
				CLANG_WARN_INFINITE_RECURSION = YES;
				CLANG_WARN_INT_CONVERSION = YES;
				CLANG_WARN_OBJC_ROOT_CLASS = YES_ERROR;
				CLANG_WARN_SUSPICIOUS_MOVE = YES;
				CLANG_WARN_UNREACHABLE_CODE = YES;
				CLANG_WARN__DUPLICATE_METHOD_MATCH = YES;
				CODE_SIGN_IDENTITY = "-";
				COPY_PHASE_STRIP = NO;
				DEBUG_INFORMATION_FORMAT = "dwarf-with-dsym";
				ENABLE_NS_ASSERTIONS = NO;
				ENABLE_STRICT_OBJC_MSGSEND = YES;
				GCC_C_LANGUAGE_STANDARD = gnu99;
				GCC_NO_COMMON_BLOCKS = YES;
				GCC_WARN_64_TO_32_BIT_CONVERSION = YES;
				GCC_WARN_ABOUT_RETURN_TYPE = YES_ERROR;
				GCC_WARN_UNDECLARED_SELECTOR = YES;
				GCC_WARN_UNINITIALIZED_AUTOS = YES_AGGRESSIVE;
				GCC_WARN_UNUSED_FUNCTION = YES;
				GCC_WARN_UNUSED_VARIABLE = YES;
				MACOSX_DEPLOYMENT_TARGET = 10.12;
				MTL_ENABLE_DEBUG_INFO = NO;
				SDKROOT = macosx;
			};
			name = Release;
		};
		49E2491B1F96D0F50004C67A /* Debug */ = {
			isa = XCBuildConfiguration;
			buildSettings = {
				DEVELOPMENT_TEAM = RAUFW7M7KN;
				PRODUCT_NAME = "$(TARGET_NAME)";
			};
			name = Debug;
		};
		49E2491C1F96D0F50004C67A /* Release */ = {
			isa = XCBuildConfiguration;
			buildSettings = {
				DEVELOPMENT_TEAM = RAUFW7M7KN;
				PRODUCT_NAME = "$(TARGET_NAME)";
			};
			name = Release;
		};
/* End XCBuildConfiguration section */

/* Begin XCConfigurationList section */
		49E2490E1F96D0F50004C67A /* Build configuration list for PBXProject "taustates" */ = {
			isa = XCConfigurationList;
			buildConfigurations = (
				49E249181F96D0F50004C67A /* Debug */,
				49E249191F96D0F50004C67A /* Release */,
			);
			defaultConfigurationIsVisible = 0;
			defaultConfigurationName = Release;
		};
		49E2491A1F96D0F50004C67A /* Build configuration list for PBXNativeTarget "taustates" */ = {
			isa = XCConfigurationList;
			buildConfigurations = (
				49E2491B1F96D0F50004C67A /* Debug */,
				49E2491C1F96D0F50004C67A /* Release */,
			);
			defaultConfigurationIsVisible = 0;
		};
/* End XCConfigurationList section */
	};
	rootObject = 49E2490B1F96D0F50004C67A /* Project object */;
}
