// !$*UTF8*$!
{
	archiveVersion = 1;
	classes = {
	};
	objectVersion = 46;
	objects = {

/* Begin PBXBuildFile section */
		49AFF83A1F8C4815001EC69C /* main.cpp in Sources */ = {isa = PBXBuildFile; fileRef = 49AFF8391F8C4815001EC69C /* main.cpp */; };
		49AFF8441F8C48AC001EC69C /* kalman.c in Sources */ = {isa = PBXBuildFile; fileRef = 49AFF8421F8C48AC001EC69C /* kalman.c */; };
		49AFF8471F8C4BC0001EC69C /* kmat.c in Sources */ = {isa = PBXBuildFile; fileRef = 49AFF8451F8C4BC0001EC69C /* kmat.c */; };
/* End PBXBuildFile section */

/* Begin PBXCopyFilesBuildPhase section */
		49AFF8341F8C4815001EC69C /* CopyFiles */ = {
			isa = PBXCopyFilesBuildPhase;
			buildActionMask = 2147483647;
			dstPath = /usr/share/man/man1/;
			dstSubfolderSpec = 0;
			files = (
			);
			runOnlyForDeploymentPostprocessing = 1;
		};
/* End PBXCopyFilesBuildPhase section */

/* Begin PBXFileReference section */
		49AFF8361F8C4815001EC69C /* kmatrix */ = {isa = PBXFileReference; explicitFileType = "compiled.mach-o.executable"; includeInIndex = 0; path = kmatrix; sourceTree = BUILT_PRODUCTS_DIR; };
		49AFF8391F8C4815001EC69C /* main.cpp */ = {isa = PBXFileReference; lastKnownFileType = sourcecode.cpp.cpp; path = main.cpp; sourceTree = "<group>"; };
		49AFF8401F8C4828001EC69C /* global_types.h */ = {isa = PBXFileReference; lastKnownFileType = sourcecode.c.h; path = global_types.h; sourceTree = "<group>"; };
		49AFF8421F8C48AC001EC69C /* kalman.c */ = {isa = PBXFileReference; fileEncoding = 4; lastKnownFileType = sourcecode.c.c; name = kalman.c; path = ../kalman.c; sourceTree = "<group>"; };
		49AFF8431F8C48AC001EC69C /* kalman.h */ = {isa = PBXFileReference; fileEncoding = 4; lastKnownFileType = sourcecode.c.h; name = kalman.h; path = ../kalman.h; sourceTree = "<group>"; };
		49AFF8451F8C4BC0001EC69C /* kmat.c */ = {isa = PBXFileReference; fileEncoding = 4; lastKnownFileType = sourcecode.c.c; path = kmat.c; sourceTree = "<group>"; };
		49AFF8461F8C4BC0001EC69C /* kmat.h */ = {isa = PBXFileReference; fileEncoding = 4; lastKnownFileType = sourcecode.c.h; path = kmat.h; sourceTree = "<group>"; };
/* End PBXFileReference section */

/* Begin PBXFrameworksBuildPhase section */
		49AFF8331F8C4815001EC69C /* Frameworks */ = {
			isa = PBXFrameworksBuildPhase;
			buildActionMask = 2147483647;
			files = (
			);
			runOnlyForDeploymentPostprocessing = 0;
		};
/* End PBXFrameworksBuildPhase section */

/* Begin PBXGroup section */
		49AFF82D1F8C4815001EC69C = {
			isa = PBXGroup;
			children = (
				49AFF8381F8C4815001EC69C /* kmatrix */,
				49AFF8371F8C4815001EC69C /* Products */,
			);
			sourceTree = "<group>";
		};
		49AFF8371F8C4815001EC69C /* Products */ = {
			isa = PBXGroup;
			children = (
				49AFF8361F8C4815001EC69C /* kmatrix */,
			);
			name = Products;
			sourceTree = "<group>";
		};
		49AFF8381F8C4815001EC69C /* kmatrix */ = {
			isa = PBXGroup;
			children = (
				49AFF8391F8C4815001EC69C /* main.cpp */,
				49AFF8401F8C4828001EC69C /* global_types.h */,
				49AFF8451F8C4BC0001EC69C /* kmat.c */,
				49AFF8461F8C4BC0001EC69C /* kmat.h */,
				49AFF8421F8C48AC001EC69C /* kalman.c */,
				49AFF8431F8C48AC001EC69C /* kalman.h */,
			);
			path = kmatrix;
			sourceTree = "<group>";
		};
/* End PBXGroup section */

/* Begin PBXNativeTarget section */
		49AFF8351F8C4815001EC69C /* kmatrix */ = {
			isa = PBXNativeTarget;
			buildConfigurationList = 49AFF83D1F8C4815001EC69C /* Build configuration list for PBXNativeTarget "kmatrix" */;
			buildPhases = (
				49AFF8321F8C4815001EC69C /* Sources */,
				49AFF8331F8C4815001EC69C /* Frameworks */,
				49AFF8341F8C4815001EC69C /* CopyFiles */,
			);
			buildRules = (
			);
			dependencies = (
			);
			name = kmatrix;
			productName = kmatrix;
			productReference = 49AFF8361F8C4815001EC69C /* kmatrix */;
			productType = "com.apple.product-type.tool";
		};
/* End PBXNativeTarget section */

/* Begin PBXProject section */
		49AFF82E1F8C4815001EC69C /* Project object */ = {
			isa = PBXProject;
			attributes = {
				LastUpgradeCheck = 0830;
				ORGANIZATIONNAME = Marbl;
				TargetAttributes = {
					49AFF8351F8C4815001EC69C = {
						CreatedOnToolsVersion = 8.3.3;
						DevelopmentTeam = RAUFW7M7KN;
						ProvisioningStyle = Automatic;
					};
				};
			};
			buildConfigurationList = 49AFF8311F8C4815001EC69C /* Build configuration list for PBXProject "kmatrix" */;
			compatibilityVersion = "Xcode 3.2";
			developmentRegion = English;
			hasScannedForEncodings = 0;
			knownRegions = (
				en,
			);
			mainGroup = 49AFF82D1F8C4815001EC69C;
			productRefGroup = 49AFF8371F8C4815001EC69C /* Products */;
			projectDirPath = "";
			projectRoot = "";
			targets = (
				49AFF8351F8C4815001EC69C /* kmatrix */,
			);
		};
/* End PBXProject section */

/* Begin PBXSourcesBuildPhase section */
		49AFF8321F8C4815001EC69C /* Sources */ = {
			isa = PBXSourcesBuildPhase;
			buildActionMask = 2147483647;
			files = (
				49AFF83A1F8C4815001EC69C /* main.cpp in Sources */,
				49AFF8471F8C4BC0001EC69C /* kmat.c in Sources */,
				49AFF8441F8C48AC001EC69C /* kalman.c in Sources */,
			);
			runOnlyForDeploymentPostprocessing = 0;
		};
/* End PBXSourcesBuildPhase section */

/* Begin XCBuildConfiguration section */
		49AFF83B1F8C4815001EC69C /* Debug */ = {
			isa = XCBuildConfiguration;
			buildSettings = {
				ALWAYS_SEARCH_USER_PATHS = NO;
				CLANG_ANALYZER_NONNULL = YES;
				CLANG_ANALYZER_NUMBER_OBJECT_CONVERSION = YES_AGGRESSIVE;
				CLANG_CXX_LANGUAGE_STANDARD = "gnu++0x";
				CLANG_CXX_LIBRARY = "libc++";
				CLANG_ENABLE_MODULES = YES;
				CLANG_ENABLE_OBJC_ARC = YES;
				CLANG_WARN_BOOL_CONVERSION = YES;
				CLANG_WARN_CONSTANT_CONVERSION = YES;
				CLANG_WARN_DIRECT_OBJC_ISA_USAGE = YES_ERROR;
				CLANG_WARN_DOCUMENTATION_COMMENTS = YES;
				CLANG_WARN_EMPTY_BODY = YES;
				CLANG_WARN_ENUM_CONVERSION = YES;
				CLANG_WARN_INFINITE_RECURSION = YES;
				CLANG_WARN_INT_CONVERSION = YES;
				CLANG_WARN_OBJC_ROOT_CLASS = YES_ERROR;
				CLANG_WARN_SUSPICIOUS_MOVE = YES;
				CLANG_WARN_UNREACHABLE_CODE = YES;
				CLANG_WARN__DUPLICATE_METHOD_MATCH = YES;
				CODE_SIGN_IDENTITY = "-";
				COPY_PHASE_STRIP = NO;
				DEBUG_INFORMATION_FORMAT = dwarf;
				ENABLE_STRICT_OBJC_MSGSEND = YES;
				ENABLE_TESTABILITY = YES;
				GCC_C_LANGUAGE_STANDARD = gnu99;
				GCC_DYNAMIC_NO_PIC = NO;
				GCC_NO_COMMON_BLOCKS = YES;
				GCC_OPTIMIZATION_LEVEL = 0;
				GCC_PREPROCESSOR_DEFINITIONS = (
					"DEBUG=1",
					"$(inherited)",
				);
				GCC_WARN_64_TO_32_BIT_CONVERSION = YES;
				GCC_WARN_ABOUT_RETURN_TYPE = YES_ERROR;
				GCC_WARN_UNDECLARED_SELECTOR = YES;
				GCC_WARN_UNINITIALIZED_AUTOS = YES_AGGRESSIVE;
				GCC_WARN_UNUSED_FUNCTION = YES;
				GCC_WARN_UNUSED_VARIABLE = YES;
				MACOSX_DEPLOYMENT_TARGET = 10.12;
				MTL_ENABLE_DEBUG_INFO = YES;
				ONLY_ACTIVE_ARCH = YES;
				SDKROOT = macosx;
			};
			name = Debug;
		};
		49AFF83C1F8C4815001EC69C /* Release */ = {
			isa = XCBuildConfiguration;
			buildSettings = {
				ALWAYS_SEARCH_USER_PATHS = NO;
				CLANG_ANALYZER_NONNULL = YES;
				CLANG_ANALYZER_NUMBER_OBJECT_CONVERSION = YES_AGGRESSIVE;
				CLANG_CXX_LANGUAGE_STANDARD = "gnu++0x";
				CLANG_CXX_LIBRARY = "libc++";
				CLANG_ENABLE_MODULES = YES;
				CLANG_ENABLE_OBJC_ARC = YES;
				CLANG_WARN_BOOL_CONVERSION = YES;
				CLANG_WARN_CONSTANT_CONVERSION = YES;
				CLANG_WARN_DIRECT_OBJC_ISA_USAGE = YES_ERROR;
				CLANG_WARN_DOCUMENTATION_COMMENTS = YES;
				CLANG_WARN_EMPTY_BODY = YES;
				CLANG_WARN_ENUM_CONVERSION = YES;
				CLANG_WARN_INFINITE_RECURSION = YES;
				CLANG_WARN_INT_CONVERSION = YES;
				CLANG_WARN_OBJC_ROOT_CLASS = YES_ERROR;
				CLANG_WARN_SUSPICIOUS_MOVE = YES;
				CLANG_WARN_UNREACHABLE_CODE = YES;
				CLANG_WARN__DUPLICATE_METHOD_MATCH = YES;
				CODE_SIGN_IDENTITY = "-";
				COPY_PHASE_STRIP = NO;
				DEBUG_INFORMATION_FORMAT = "dwarf-with-dsym";
				ENABLE_NS_ASSERTIONS = NO;
				ENABLE_STRICT_OBJC_MSGSEND = YES;
				GCC_C_LANGUAGE_STANDARD = gnu99;
				GCC_NO_COMMON_BLOCKS = YES;
				GCC_WARN_64_TO_32_BIT_CONVERSION = YES;
				GCC_WARN_ABOUT_RETURN_TYPE = YES_ERROR;
				GCC_WARN_UNDECLARED_SELECTOR = YES;
				GCC_WARN_UNINITIALIZED_AUTOS = YES_AGGRESSIVE;
				GCC_WARN_UNUSED_FUNCTION = YES;
				GCC_WARN_UNUSED_VARIABLE = YES;
				MACOSX_DEPLOYMENT_TARGET = 10.12;
				MTL_ENABLE_DEBUG_INFO = NO;
				SDKROOT = macosx;
			};
			name = Release;
		};
		49AFF83E1F8C4815001EC69C /* Debug */ = {
			isa = XCBuildConfiguration;
			buildSettings = {
				DEVELOPMENT_TEAM = RAUFW7M7KN;
				MTL_ENABLE_DEBUG_INFO = YES;
				PRODUCT_NAME = "$(TARGET_NAME)";
			};
			name = Debug;
		};
		49AFF83F1F8C4815001EC69C /* Release */ = {
			isa = XCBuildConfiguration;
			buildSettings = {
				DEVELOPMENT_TEAM = RAUFW7M7KN;
				MTL_ENABLE_DEBUG_INFO = NO;
				PRODUCT_NAME = "$(TARGET_NAME)";
			};
			name = Release;
		};
/* End XCBuildConfiguration section */

/* Begin XCConfigurationList section */
		49AFF8311F8C4815001EC69C /* Build configuration list for PBXProject "kmatrix" */ = {
			isa = XCConfigurationList;
			buildConfigurations = (
				49AFF83B1F8C4815001EC69C /* Debug */,
				49AFF83C1F8C4815001EC69C /* Release */,
			);
			defaultConfigurationIsVisible = 0;
			defaultConfigurationName = Release;
		};
		49AFF83D1F8C4815001EC69C /* Build configuration list for PBXNativeTarget "kmatrix" */ = {
			isa = XCConfigurationList;
			buildConfigurations = (
				49AFF83E1F8C4815001EC69C /* Debug */,
				49AFF83F1F8C4815001EC69C /* Release */,
			);
			defaultConfigurationIsVisible = 0;
			defaultConfigurationName = Release;
		};
/* End XCConfigurationList section */
	};
	rootObject = 49AFF82E1F8C4815001EC69C /* Project object */;
}
