// !$*UTF8*$!
{
	archiveVersion = 1;
	classes = {
	};
	objectVersion = 48;
	objects = {

/* Begin PBXBuildFile section */
		499549FC20297DA3003748EC /* kalman.cpp in Sources */ = {isa = PBXBuildFile; fileRef = 499549FB20297DA3003748EC /* kalman.cpp */; };
		49F2C9362026BFD300DFC021 /* main.cpp in Sources */ = {isa = PBXBuildFile; fileRef = 49F2C9352026BFD300DFC021 /* main.cpp */; };
		49F2C9412026D99900DFC021 /* image_utility.cpp in Sources */ = {isa = PBXBuildFile; fileRef = 49F2C9402026D99900DFC021 /* image_utility.cpp */; };
		49F2C9442026DD9600DFC021 /* moment_utility.cpp in Sources */ = {isa = PBXBuildFile; fileRef = 49F2C9422026DD9600DFC021 /* moment_utility.cpp */; };
/* End PBXBuildFile section */

/* Begin PBXCopyFilesBuildPhase section */
		49F2C9302026BFD300DFC021 /* CopyFiles */ = {
			isa = PBXCopyFilesBuildPhase;
			buildActionMask = 2147483647;
			dstPath = /usr/share/man/man1/;
			dstSubfolderSpec = 0;
			files = (
			);
			runOnlyForDeploymentPostprocessing = 1;
		};
/* End PBXCopyFilesBuildPhase section */

/* Begin PBXFileReference section */
		499549FA20297DA3003748EC /* kalman.hpp */ = {isa = PBXFileReference; fileEncoding = 4; lastKnownFileType = sourcecode.cpp.h; path = kalman.hpp; sourceTree = "<group>"; };
		499549FB20297DA3003748EC /* kalman.cpp */ = {isa = PBXFileReference; fileEncoding = 4; lastKnownFileType = sourcecode.cpp.cpp; path = kalman.cpp; sourceTree = "<group>"; };
		49F2C9322026BFD300DFC021 /* momentdensity */ = {isa = PBXFileReference; explicitFileType = "compiled.mach-o.executable"; includeInIndex = 0; path = momentdensity; sourceTree = BUILT_PRODUCTS_DIR; };
		49F2C9352026BFD300DFC021 /* main.cpp */ = {isa = PBXFileReference; lastKnownFileType = sourcecode.cpp.cpp; path = main.cpp; sourceTree = "<group>"; };
		49F2C93F2026D99900DFC021 /* image_utility.hpp */ = {isa = PBXFileReference; fileEncoding = 4; lastKnownFileType = sourcecode.cpp.h; path = image_utility.hpp; sourceTree = "<group>"; };
		49F2C9402026D99900DFC021 /* image_utility.cpp */ = {isa = PBXFileReference; fileEncoding = 4; lastKnownFileType = sourcecode.cpp.cpp; path = image_utility.cpp; sourceTree = "<group>"; };
		49F2C9422026DD9600DFC021 /* moment_utility.cpp */ = {isa = PBXFileReference; lastKnownFileType = sourcecode.cpp.cpp; path = moment_utility.cpp; sourceTree = "<group>"; };
		49F2C9432026DD9600DFC021 /* moment_utility.hpp */ = {isa = PBXFileReference; lastKnownFileType = sourcecode.cpp.h; path = moment_utility.hpp; sourceTree = "<group>"; };
/* End PBXFileReference section */

/* Begin PBXFrameworksBuildPhase section */
		49F2C92F2026BFD300DFC021 /* Frameworks */ = {
			isa = PBXFrameworksBuildPhase;
			buildActionMask = 2147483647;
			files = (
			);
			runOnlyForDeploymentPostprocessing = 0;
		};
/* End PBXFrameworksBuildPhase section */

/* Begin PBXGroup section */
		49F2C9292026BFD300DFC021 = {
			isa = PBXGroup;
			children = (
				49F2C9342026BFD300DFC021 /* momentdensity */,
				49F2C9332026BFD300DFC021 /* Products */,
			);
			sourceTree = "<group>";
		};
		49F2C9332026BFD300DFC021 /* Products */ = {
			isa = PBXGroup;
			children = (
				49F2C9322026BFD300DFC021 /* momentdensity */,
			);
			name = Products;
			sourceTree = "<group>";
		};
		49F2C9342026BFD300DFC021 /* momentdensity */ = {
			isa = PBXGroup;
			children = (
				49F2C9352026BFD300DFC021 /* main.cpp */,
				49F2C93F2026D99900DFC021 /* image_utility.hpp */,
				49F2C9402026D99900DFC021 /* image_utility.cpp */,
				49F2C9432026DD9600DFC021 /* moment_utility.hpp */,
				49F2C9422026DD9600DFC021 /* moment_utility.cpp */,
				499549FA20297DA3003748EC /* kalman.hpp */,
				499549FB20297DA3003748EC /* kalman.cpp */,
			);
			path = momentdensity;
			sourceTree = "<group>";
		};
/* End PBXGroup section */

/* Begin PBXNativeTarget section */
		49F2C9312026BFD300DFC021 /* momentdensity */ = {
			isa = PBXNativeTarget;
			buildConfigurationList = 49F2C9392026BFD300DFC021 /* Build configuration list for PBXNativeTarget "momentdensity" */;
			buildPhases = (
				49F2C92E2026BFD300DFC021 /* Sources */,
				49F2C92F2026BFD300DFC021 /* Frameworks */,
				49F2C9302026BFD300DFC021 /* CopyFiles */,
			);
			buildRules = (
			);
			dependencies = (
			);
			name = momentdensity;
			productName = momentdensity;
			productReference = 49F2C9322026BFD300DFC021 /* momentdensity */;
			productType = "com.apple.product-type.tool";
		};
/* End PBXNativeTarget section */

/* Begin PBXProject section */
		49F2C92A2026BFD300DFC021 /* Project object */ = {
			isa = PBXProject;
			attributes = {
				LastUpgradeCheck = 0920;
				ORGANIZATIONNAME = Marbl;
				TargetAttributes = {
					49F2C9312026BFD300DFC021 = {
						CreatedOnToolsVersion = 9.2;
						ProvisioningStyle = Automatic;
					};
				};
			};
			buildConfigurationList = 49F2C92D2026BFD300DFC021 /* Build configuration list for PBXProject "momentdensity" */;
			compatibilityVersion = "Xcode 8.0";
			developmentRegion = en;
			hasScannedForEncodings = 0;
			knownRegions = (
				en,
			);
			mainGroup = 49F2C9292026BFD300DFC021;
			productRefGroup = 49F2C9332026BFD300DFC021 /* Products */;
			projectDirPath = "";
			projectRoot = "";
			targets = (
				49F2C9312026BFD300DFC021 /* momentdensity */,
			);
		};
/* End PBXProject section */

/* Begin PBXSourcesBuildPhase section */
		49F2C92E2026BFD300DFC021 /* Sources */ = {
			isa = PBXSourcesBuildPhase;
			buildActionMask = 2147483647;
			files = (
				49F2C9412026D99900DFC021 /* image_utility.cpp in Sources */,
				499549FC20297DA3003748EC /* kalman.cpp in Sources */,
				49F2C9442026DD9600DFC021 /* moment_utility.cpp in Sources */,
				49F2C9362026BFD300DFC021 /* main.cpp in Sources */,
			);
			runOnlyForDeploymentPostprocessing = 0;
		};
/* End PBXSourcesBuildPhase section */

/* Begin XCBuildConfiguration section */
		49F2C9372026BFD300DFC021 /* Debug */ = {
			isa = XCBuildConfiguration;
			buildSettings = {
				ALWAYS_SEARCH_USER_PATHS = NO;
				CLANG_ANALYZER_NONNULL = YES;
				CLANG_ANALYZER_NUMBER_OBJECT_CONVERSION = YES_AGGRESSIVE;
				CLANG_CXX_LANGUAGE_STANDARD = "gnu++14";
				CLANG_CXX_LIBRARY = "libc++";
				CLANG_ENABLE_MODULES = YES;
				CLANG_ENABLE_OBJC_ARC = YES;
				CLANG_WARN_BLOCK_CAPTURE_AUTORELEASING = YES;
				CLANG_WARN_BOOL_CONVERSION = YES;
				CLANG_WARN_COMMA = YES;
				CLANG_WARN_CONSTANT_CONVERSION = YES;
				CLANG_WARN_DIRECT_OBJC_ISA_USAGE = YES_ERROR;
				CLANG_WARN_DOCUMENTATION_COMMENTS = YES;
				CLANG_WARN_EMPTY_BODY = YES;
				CLANG_WARN_ENUM_CONVERSION = YES;
				CLANG_WARN_INFINITE_RECURSION = YES;
				CLANG_WARN_INT_CONVERSION = YES;
				CLANG_WARN_NON_LITERAL_NULL_CONVERSION = YES;
				CLANG_WARN_OBJC_LITERAL_CONVERSION = YES;
				CLANG_WARN_OBJC_ROOT_CLASS = YES_ERROR;
				CLANG_WARN_RANGE_LOOP_ANALYSIS = YES;
				CLANG_WARN_STRICT_PROTOTYPES = YES;
				CLANG_WARN_SUSPICIOUS_MOVE = YES;
				CLANG_WARN_UNGUARDED_AVAILABILITY = YES_AGGRESSIVE;
				CLANG_WARN_UNREACHABLE_CODE = YES;
				CLANG_WARN__DUPLICATE_METHOD_MATCH = YES;
				CODE_SIGN_IDENTITY = "Mac Developer";
				COPY_PHASE_STRIP = NO;
				DEBUG_INFORMATION_FORMAT = dwarf;
				ENABLE_STRICT_OBJC_MSGSEND = YES;
				ENABLE_TESTABILITY = YES;
				GCC_C_LANGUAGE_STANDARD = gnu11;
				GCC_DYNAMIC_NO_PIC = NO;
				GCC_NO_COMMON_BLOCKS = YES;
				GCC_OPTIMIZATION_LEVEL = 0;
				GCC_PREPROCESSOR_DEFINITIONS = (
					"DEBUG=1",
					"$(inherited)",
				);
				GCC_WARN_64_TO_32_BIT_CONVERSION = YES;
				GCC_WARN_ABOUT_RETURN_TYPE = YES_ERROR;
				GCC_WARN_UNDECLARED_SELECTOR = YES;
				GCC_WARN_UNINITIALIZED_AUTOS = YES_AGGRESSIVE;
				GCC_WARN_UNUSED_FUNCTION = YES;
				GCC_WARN_UNUSED_VARIABLE = YES;
				MACOSX_DEPLOYMENT_TARGET = 10.13;
				MTL_ENABLE_DEBUG_INFO = YES;
				ONLY_ACTIVE_ARCH = YES;
				SDKROOT = macosx;
			};
			name = Debug;
		};
		49F2C9382026BFD300DFC021 /* Release */ = {
			isa = XCBuildConfiguration;
			buildSettings = {
				ALWAYS_SEARCH_USER_PATHS = NO;
				CLANG_ANALYZER_NONNULL = YES;
				CLANG_ANALYZER_NUMBER_OBJECT_CONVERSION = YES_AGGRESSIVE;
				CLANG_CXX_LANGUAGE_STANDARD = "gnu++14";
				CLANG_CXX_LIBRARY = "libc++";
				CLANG_ENABLE_MODULES = YES;
				CLANG_ENABLE_OBJC_ARC = YES;
				CLANG_WARN_BLOCK_CAPTURE_AUTORELEASING = YES;
				CLANG_WARN_BOOL_CONVERSION = YES;
				CLANG_WARN_COMMA = YES;
				CLANG_WARN_CONSTANT_CONVERSION = YES;
				CLANG_WARN_DIRECT_OBJC_ISA_USAGE = YES_ERROR;
				CLANG_WARN_DOCUMENTATION_COMMENTS = YES;
				CLANG_WARN_EMPTY_BODY = YES;
				CLANG_WARN_ENUM_CONVERSION = YES;
				CLANG_WARN_INFINITE_RECURSION = YES;
				CLANG_WARN_INT_CONVERSION = YES;
				CLANG_WARN_NON_LITERAL_NULL_CONVERSION = YES;
				CLANG_WARN_OBJC_LITERAL_CONVERSION = YES;
				CLANG_WARN_OBJC_ROOT_CLASS = YES_ERROR;
				CLANG_WARN_RANGE_LOOP_ANALYSIS = YES;
				CLANG_WARN_STRICT_PROTOTYPES = YES;
				CLANG_WARN_SUSPICIOUS_MOVE = YES;
				CLANG_WARN_UNGUARDED_AVAILABILITY = YES_AGGRESSIVE;
				CLANG_WARN_UNREACHABLE_CODE = YES;
				CLANG_WARN__DUPLICATE_METHOD_MATCH = YES;
				CODE_SIGN_IDENTITY = "Mac Developer";
				COPY_PHASE_STRIP = NO;
				DEBUG_INFORMATION_FORMAT = "dwarf-with-dsym";
				ENABLE_NS_ASSERTIONS = NO;
				ENABLE_STRICT_OBJC_MSGSEND = YES;
				GCC_C_LANGUAGE_STANDARD = gnu11;
				GCC_NO_COMMON_BLOCKS = YES;
				GCC_WARN_64_TO_32_BIT_CONVERSION = YES;
				GCC_WARN_ABOUT_RETURN_TYPE = YES_ERROR;
				GCC_WARN_UNDECLARED_SELECTOR = YES;
				GCC_WARN_UNINITIALIZED_AUTOS = YES_AGGRESSIVE;
				GCC_WARN_UNUSED_FUNCTION = YES;
				GCC_WARN_UNUSED_VARIABLE = YES;
				MACOSX_DEPLOYMENT_TARGET = 10.13;
				MTL_ENABLE_DEBUG_INFO = NO;
				SDKROOT = macosx;
			};
			name = Release;
		};
		49F2C93A2026BFD300DFC021 /* Debug */ = {
			isa = XCBuildConfiguration;
			buildSettings = {
				CODE_SIGN_STYLE = Automatic;
				DEVELOPMENT_TEAM = RAUFW7M7KN;
				HEADER_SEARCH_PATHS = "/usr/local/Cellar/opencv3/**";
				LIBRARY_SEARCH_PATHS = "/usr/local/Cellar/opencv3/**";
				OTHER_LDFLAGS = (
					"-I/usr/local/Cellar/opencv/3.3.0_3/include/opencv",
					"-I/usr/local/Cellar/opencv/3.3.0_3/include",
					"-L/usr/local/Cellar/opencv/3.3.0_3/lib",
					"-lopencv_stitching",
					"-lopencv_superres",
					"-lopencv_videostab",
					"-lopencv_photo",
					"-lopencv_aruco",
					"-lopencv_bgsegm",
					"-lopencv_bioinspired",
					"-lopencv_ccalib",
					"-lopencv_dpm",
					"-lopencv_face",
					"-lopencv_fuzzy",
					"-lopencv_img_hash",
					"-lopencv_line_descriptor",
					"-lopencv_optflow",
					"-lopencv_reg",
					"-lopencv_rgbd",
					"-lopencv_saliency",
					"-lopencv_stereo",
					"-lopencv_structured_light",
					"-lopencv_phase_unwrapping",
					"-lopencv_surface_matching",
					"-lopencv_tracking",
					"-lopencv_datasets",
					"-lopencv_text",
					"-lopencv_dnn",
					"-lopencv_plot",
					"-lopencv_ml",
					"-lopencv_xfeatures2d",
					"-lopencv_shape",
					"-lopencv_video",
					"-lopencv_ximgproc",
					"-lopencv_calib3d",
					"-lopencv_features2d",
					"-lopencv_highgui",
					"-lopencv_videoio",
					"-lopencv_flann",
					"-lopencv_xobjdetect",
					"-lopencv_imgcodecs",
					"-lopencv_objdetect",
					"-lopencv_xphoto",
					"-lopencv_imgproc",
					"-lopencv_core",
				);
				PRODUCT_NAME = "$(TARGET_NAME)";
			};
			name = Debug;
		};
		49F2C93B2026BFD300DFC021 /* Release */ = {
			isa = XCBuildConfiguration;
			buildSettings = {
				CODE_SIGN_STYLE = Automatic;
				DEVELOPMENT_TEAM = RAUFW7M7KN;
				HEADER_SEARCH_PATHS = "/usr/local/Cellar/opencv3/**";
				LIBRARY_SEARCH_PATHS = "/usr/local/Cellar/opencv3/**";
				OTHER_LDFLAGS = (
					"-I/usr/local/Cellar/opencv/3.3.0_3/include/opencv",
					"-I/usr/local/Cellar/opencv/3.3.0_3/include",
					"-L/usr/local/Cellar/opencv/3.3.0_3/lib",
					"-lopencv_stitching",
					"-lopencv_superres",
					"-lopencv_videostab",
					"-lopencv_photo",
					"-lopencv_aruco",
					"-lopencv_bgsegm",
					"-lopencv_bioinspired",
					"-lopencv_ccalib",
					"-lopencv_dpm",
					"-lopencv_face",
					"-lopencv_fuzzy",
					"-lopencv_img_hash",
					"-lopencv_line_descriptor",
					"-lopencv_optflow",
					"-lopencv_reg",
					"-lopencv_rgbd",
					"-lopencv_saliency",
					"-lopencv_stereo",
					"-lopencv_structured_light",
					"-lopencv_phase_unwrapping",
					"-lopencv_surface_matching",
					"-lopencv_tracking",
					"-lopencv_datasets",
					"-lopencv_text",
					"-lopencv_dnn",
					"-lopencv_plot",
					"-lopencv_ml",
					"-lopencv_xfeatures2d",
					"-lopencv_shape",
					"-lopencv_video",
					"-lopencv_ximgproc",
					"-lopencv_calib3d",
					"-lopencv_features2d",
					"-lopencv_highgui",
					"-lopencv_videoio",
					"-lopencv_flann",
					"-lopencv_xobjdetect",
					"-lopencv_imgcodecs",
					"-lopencv_objdetect",
					"-lopencv_xphoto",
					"-lopencv_imgproc",
					"-lopencv_core",
				);
				PRODUCT_NAME = "$(TARGET_NAME)";
			};
			name = Release;
		};
/* End XCBuildConfiguration section */

/* Begin XCConfigurationList section */
		49F2C92D2026BFD300DFC021 /* Build configuration list for PBXProject "momentdensity" */ = {
			isa = XCConfigurationList;
			buildConfigurations = (
				49F2C9372026BFD300DFC021 /* Debug */,
				49F2C9382026BFD300DFC021 /* Release */,
			);
			defaultConfigurationIsVisible = 0;
			defaultConfigurationName = Release;
		};
		49F2C9392026BFD300DFC021 /* Build configuration list for PBXNativeTarget "momentdensity" */ = {
			isa = XCConfigurationList;
			buildConfigurations = (
				49F2C93A2026BFD300DFC021 /* Debug */,
				49F2C93B2026BFD300DFC021 /* Release */,
			);
			defaultConfigurationIsVisible = 0;
			defaultConfigurationName = Release;
		};
/* End XCConfigurationList section */
	};
	rootObject = 49F2C92A2026BFD300DFC021 /* Project object */;
}
